// !$*UTF8*$!
{
	archiveVersion = 1;
	classes = {
	};
	objectVersion = 56;
	objects = {

/* Begin PBXBuildFile section */
		374B2DFF29D4623200B2EABD /* RMGetAllCharactersResponse.swift in Sources */ = {isa = PBXBuildFile; fileRef = 374B2DFE29D4623200B2EABD /* RMGetAllCharactersResponse.swift */; };
		374B2E0129D46A3B00B2EABD /* CharacterListViewViewModel.swift in Sources */ = {isa = PBXBuildFile; fileRef = 374B2E0029D46A3B00B2EABD /* CharacterListViewViewModel.swift */; };
		374B2E0329D46B0D00B2EABD /* CharacterListView.swift in Sources */ = {isa = PBXBuildFile; fileRef = 374B2E0229D46B0D00B2EABD /* CharacterListView.swift */; };
		374B2E0529D4736900B2EABD /* Extensions.swift in Sources */ = {isa = PBXBuildFile; fileRef = 374B2E0429D4736900B2EABD /* Extensions.swift */; };
		37DB8DA929CBAB1B006566D0 /* AppDelegate.swift in Sources */ = {isa = PBXBuildFile; fileRef = 37DB8DA829CBAB1B006566D0 /* AppDelegate.swift */; };
		37DB8DAB29CBAB1B006566D0 /* SceneDelegate.swift in Sources */ = {isa = PBXBuildFile; fileRef = 37DB8DAA29CBAB1B006566D0 /* SceneDelegate.swift */; };
		37DB8DAD29CBAB1B006566D0 /* RMTabBarViewController.swift in Sources */ = {isa = PBXBuildFile; fileRef = 37DB8DAC29CBAB1B006566D0 /* RMTabBarViewController.swift */; };
		37DB8DB229CBAB20006566D0 /* Assets.xcassets in Resources */ = {isa = PBXBuildFile; fileRef = 37DB8DB129CBAB20006566D0 /* Assets.xcassets */; };
		37DB8DB529CBAB20006566D0 /* LaunchScreen.storyboard in Resources */ = {isa = PBXBuildFile; fileRef = 37DB8DB329CBAB20006566D0 /* LaunchScreen.storyboard */; };
		37DB8DC429CBAF34006566D0 /* RMLocation.swift in Sources */ = {isa = PBXBuildFile; fileRef = 37DB8DC329CBAF34006566D0 /* RMLocation.swift */; };
		37DB8DC629CBAF47006566D0 /* RMCharacter.swift in Sources */ = {isa = PBXBuildFile; fileRef = 37DB8DC529CBAF47006566D0 /* RMCharacter.swift */; };
		37DB8DC829CBAF61006566D0 /* RMEpisode.swift in Sources */ = {isa = PBXBuildFile; fileRef = 37DB8DC729CBAF61006566D0 /* RMEpisode.swift */; };
		37DB8DCB29CBAFC9006566D0 /* RMCharacterViewController.swift in Sources */ = {isa = PBXBuildFile; fileRef = 37DB8DCA29CBAFC9006566D0 /* RMCharacterViewController.swift */; };
		37DB8DCD29CBAFDE006566D0 /* RMLocationViewController.swift in Sources */ = {isa = PBXBuildFile; fileRef = 37DB8DCC29CBAFDD006566D0 /* RMLocationViewController.swift */; };
		37DB8DCF29CBAFEC006566D0 /* RMEpisodeViewController.swift in Sources */ = {isa = PBXBuildFile; fileRef = 37DB8DCE29CBAFEC006566D0 /* RMEpisodeViewController.swift */; };
		37DB8DD129CBB003006566D0 /* RMSettingsViewController.swift in Sources */ = {isa = PBXBuildFile; fileRef = 37DB8DD029CBB003006566D0 /* RMSettingsViewController.swift */; };
		37DB8DD329CBB7FC006566D0 /* RMService.swift in Sources */ = {isa = PBXBuildFile; fileRef = 37DB8DD229CBB7FC006566D0 /* RMService.swift */; };
		37DB8DD529CBB80E006566D0 /* RMRequest.swift in Sources */ = {isa = PBXBuildFile; fileRef = 37DB8DD429CBB80E006566D0 /* RMRequest.swift */; };
		37DB8DD729CBB8A3006566D0 /* RMEndpoint.swift in Sources */ = {isa = PBXBuildFile; fileRef = 37DB8DD629CBB8A3006566D0 /* RMEndpoint.swift */; };
		37ED2A7729CF10CB0064C213 /* RMOrigin.swift in Sources */ = {isa = PBXBuildFile; fileRef = 37ED2A7629CF10CB0064C213 /* RMOrigin.swift */; };
		37ED2A7929CF12A60064C213 /* RMSingleLocation.swift in Sources */ = {isa = PBXBuildFile; fileRef = 37ED2A7829CF12A60064C213 /* RMSingleLocation.swift */; };
		37ED2A7B29CF157D0064C213 /* RMCharacterStatus.swift in Sources */ = {isa = PBXBuildFile; fileRef = 37ED2A7A29CF157D0064C213 /* RMCharacterStatus.swift */; };
		37ED2A7D29CF15E30064C213 /* RMCharacterGender.swift in Sources */ = {isa = PBXBuildFile; fileRef = 37ED2A7C29CF15E30064C213 /* RMCharacterGender.swift */; };
/* End PBXBuildFile section */

/* Begin PBXFileReference section */
		374B2DFE29D4623200B2EABD /* RMGetAllCharactersResponse.swift */ = {isa = PBXFileReference; lastKnownFileType = sourcecode.swift; path = RMGetAllCharactersResponse.swift; sourceTree = "<group>"; };
		374B2E0029D46A3B00B2EABD /* CharacterListViewViewModel.swift */ = {isa = PBXFileReference; lastKnownFileType = sourcecode.swift; path = CharacterListViewViewModel.swift; sourceTree = "<group>"; };
		374B2E0229D46B0D00B2EABD /* CharacterListView.swift */ = {isa = PBXFileReference; lastKnownFileType = sourcecode.swift; path = CharacterListView.swift; sourceTree = "<group>"; };
		374B2E0429D4736900B2EABD /* Extensions.swift */ = {isa = PBXFileReference; lastKnownFileType = sourcecode.swift; path = Extensions.swift; sourceTree = "<group>"; };
		37DB8DA529CBAB1B006566D0 /* RickAndMorty.app */ = {isa = PBXFileReference; explicitFileType = wrapper.application; includeInIndex = 0; path = RickAndMorty.app; sourceTree = BUILT_PRODUCTS_DIR; };
		37DB8DA829CBAB1B006566D0 /* AppDelegate.swift */ = {isa = PBXFileReference; lastKnownFileType = sourcecode.swift; path = AppDelegate.swift; sourceTree = "<group>"; };
		37DB8DAA29CBAB1B006566D0 /* SceneDelegate.swift */ = {isa = PBXFileReference; lastKnownFileType = sourcecode.swift; path = SceneDelegate.swift; sourceTree = "<group>"; };
		37DB8DAC29CBAB1B006566D0 /* RMTabBarViewController.swift */ = {isa = PBXFileReference; lastKnownFileType = sourcecode.swift; path = RMTabBarViewController.swift; sourceTree = "<group>"; };
		37DB8DB129CBAB20006566D0 /* Assets.xcassets */ = {isa = PBXFileReference; lastKnownFileType = folder.assetcatalog; path = Assets.xcassets; sourceTree = "<group>"; };
		37DB8DB429CBAB20006566D0 /* Base */ = {isa = PBXFileReference; lastKnownFileType = file.storyboard; name = Base; path = Base.lproj/LaunchScreen.storyboard; sourceTree = "<group>"; };
		37DB8DB629CBAB20006566D0 /* Info.plist */ = {isa = PBXFileReference; lastKnownFileType = text.plist.xml; path = Info.plist; sourceTree = "<group>"; };
		37DB8DC329CBAF34006566D0 /* RMLocation.swift */ = {isa = PBXFileReference; lastKnownFileType = sourcecode.swift; path = RMLocation.swift; sourceTree = "<group>"; };
		37DB8DC529CBAF47006566D0 /* RMCharacter.swift */ = {isa = PBXFileReference; lastKnownFileType = sourcecode.swift; path = RMCharacter.swift; sourceTree = "<group>"; };
		37DB8DC729CBAF61006566D0 /* RMEpisode.swift */ = {isa = PBXFileReference; lastKnownFileType = sourcecode.swift; path = RMEpisode.swift; sourceTree = "<group>"; };
		37DB8DCA29CBAFC9006566D0 /* RMCharacterViewController.swift */ = {isa = PBXFileReference; lastKnownFileType = sourcecode.swift; path = RMCharacterViewController.swift; sourceTree = "<group>"; };
		37DB8DCC29CBAFDD006566D0 /* RMLocationViewController.swift */ = {isa = PBXFileReference; lastKnownFileType = sourcecode.swift; path = RMLocationViewController.swift; sourceTree = "<group>"; };
		37DB8DCE29CBAFEC006566D0 /* RMEpisodeViewController.swift */ = {isa = PBXFileReference; lastKnownFileType = sourcecode.swift; path = RMEpisodeViewController.swift; sourceTree = "<group>"; };
		37DB8DD029CBB003006566D0 /* RMSettingsViewController.swift */ = {isa = PBXFileReference; lastKnownFileType = sourcecode.swift; path = RMSettingsViewController.swift; sourceTree = "<group>"; };
		37DB8DD229CBB7FC006566D0 /* RMService.swift */ = {isa = PBXFileReference; lastKnownFileType = sourcecode.swift; path = RMService.swift; sourceTree = "<group>"; };
		37DB8DD429CBB80E006566D0 /* RMRequest.swift */ = {isa = PBXFileReference; lastKnownFileType = sourcecode.swift; path = RMRequest.swift; sourceTree = "<group>"; };
		37DB8DD629CBB8A3006566D0 /* RMEndpoint.swift */ = {isa = PBXFileReference; lastKnownFileType = sourcecode.swift; path = RMEndpoint.swift; sourceTree = "<group>"; };
		37ED2A7629CF10CB0064C213 /* RMOrigin.swift */ = {isa = PBXFileReference; lastKnownFileType = sourcecode.swift; path = RMOrigin.swift; sourceTree = "<group>"; };
		37ED2A7829CF12A60064C213 /* RMSingleLocation.swift */ = {isa = PBXFileReference; lastKnownFileType = sourcecode.swift; path = RMSingleLocation.swift; sourceTree = "<group>"; };
		37ED2A7A29CF157D0064C213 /* RMCharacterStatus.swift */ = {isa = PBXFileReference; lastKnownFileType = sourcecode.swift; path = RMCharacterStatus.swift; sourceTree = "<group>"; };
		37ED2A7C29CF15E30064C213 /* RMCharacterGender.swift */ = {isa = PBXFileReference; lastKnownFileType = sourcecode.swift; path = RMCharacterGender.swift; sourceTree = "<group>"; };
/* End PBXFileReference section */

/* Begin PBXFrameworksBuildPhase section */
		37DB8DA229CBAB1B006566D0 /* Frameworks */ = {
			isa = PBXFrameworksBuildPhase;
			buildActionMask = 2147483647;
			files = (
			);
			runOnlyForDeploymentPostprocessing = 0;
		};
/* End PBXFrameworksBuildPhase section */

/* Begin PBXGroup section */
		374B2DFC29D461E700B2EABD /* DataTypes */ = {
			isa = PBXGroup;
			children = (
				37DB8DC329CBAF34006566D0 /* RMLocation.swift */,
				37DB8DC529CBAF47006566D0 /* RMCharacter.swift */,
				37DB8DC729CBAF61006566D0 /* RMEpisode.swift */,
				37ED2A7629CF10CB0064C213 /* RMOrigin.swift */,
				37ED2A7829CF12A60064C213 /* RMSingleLocation.swift */,
				37ED2A7A29CF157D0064C213 /* RMCharacterStatus.swift */,
				37ED2A7C29CF15E30064C213 /* RMCharacterGender.swift */,
			);
			path = DataTypes;
			sourceTree = "<group>";
		};
		374B2DFD29D4620600B2EABD /* APIResponseTypes */ = {
			isa = PBXGroup;
			children = (
				374B2DFE29D4623200B2EABD /* RMGetAllCharactersResponse.swift */,
			);
			path = APIResponseTypes;
			sourceTree = "<group>";
		};
		37DB8D9C29CBAB1B006566D0 = {
			isa = PBXGroup;
			children = (
				37DB8DA729CBAB1B006566D0 /* RickAndMorty */,
				37DB8DA629CBAB1B006566D0 /* Products */,
			);
			sourceTree = "<group>";
		};
		37DB8DA629CBAB1B006566D0 /* Products */ = {
			isa = PBXGroup;
			children = (
				37DB8DA529CBAB1B006566D0 /* RickAndMorty.app */,
			);
			name = Products;
			sourceTree = "<group>";
		};
		37DB8DA729CBAB1B006566D0 /* RickAndMorty */ = {
			isa = PBXGroup;
			children = (
				37DB8DC229CBACB6006566D0 /* Resources */,
				37DB8DC129CBACAF006566D0 /* Managers */,
				37DB8DC029CBAC9A006566D0 /* APIClient */,
				37DB8DBF29CBAC91006566D0 /* ViewModels */,
				37DB8DBE29CBAC8B006566D0 /* Views */,
				37DB8DBD29CBAC83006566D0 /* Models */,
				37DB8DBC29CBAC7A006566D0 /* Controllers */,
				37DB8DB629CBAB20006566D0 /* Info.plist */,
			);
			path = RickAndMorty;
			sourceTree = "<group>";
		};
		37DB8DBC29CBAC7A006566D0 /* Controllers */ = {
			isa = PBXGroup;
			children = (
				37DB8DC929CBAFA4006566D0 /* Core */,
			);
			path = Controllers;
			sourceTree = "<group>";
		};
		37DB8DBD29CBAC83006566D0 /* Models */ = {
			isa = PBXGroup;
			children = (
				374B2DFD29D4620600B2EABD /* APIResponseTypes */,
				374B2DFC29D461E700B2EABD /* DataTypes */,
			);
			path = Models;
			sourceTree = "<group>";
		};
		37DB8DBE29CBAC8B006566D0 /* Views */ = {
			isa = PBXGroup;
			children = (
				374B2E0229D46B0D00B2EABD /* CharacterListView.swift */,
			);
			path = Views;
			sourceTree = "<group>";
		};
		37DB8DBF29CBAC91006566D0 /* ViewModels */ = {
			isa = PBXGroup;
			children = (
				374B2E0029D46A3B00B2EABD /* CharacterListViewViewModel.swift */,
			);
			path = ViewModels;
			sourceTree = "<group>";
		};
		37DB8DC029CBAC9A006566D0 /* APIClient */ = {
			isa = PBXGroup;
			children = (
				37DB8DD229CBB7FC006566D0 /* RMService.swift */,
				37DB8DD429CBB80E006566D0 /* RMRequest.swift */,
				37DB8DD629CBB8A3006566D0 /* RMEndpoint.swift */,
			);
			path = APIClient;
			sourceTree = "<group>";
		};
		37DB8DC129CBACAF006566D0 /* Managers */ = {
			isa = PBXGroup;
			children = (
			);
			path = Managers;
			sourceTree = "<group>";
		};
		37DB8DC229CBACB6006566D0 /* Resources */ = {
			isa = PBXGroup;
			children = (
				37DB8DB129CBAB20006566D0 /* Assets.xcassets */,
				37DB8DB329CBAB20006566D0 /* LaunchScreen.storyboard */,
				37DB8DA829CBAB1B006566D0 /* AppDelegate.swift */,
				37DB8DAA29CBAB1B006566D0 /* SceneDelegate.swift */,
				374B2E0429D4736900B2EABD /* Extensions.swift */,
			);
			path = Resources;
			sourceTree = "<group>";
		};
		37DB8DC929CBAFA4006566D0 /* Core */ = {
			isa = PBXGroup;
			children = (
				37DB8DAC29CBAB1B006566D0 /* RMTabBarViewController.swift */,
				37DB8DCA29CBAFC9006566D0 /* RMCharacterViewController.swift */,
				37DB8DCC29CBAFDD006566D0 /* RMLocationViewController.swift */,
				37DB8DCE29CBAFEC006566D0 /* RMEpisodeViewController.swift */,
				37DB8DD029CBB003006566D0 /* RMSettingsViewController.swift */,
			);
			path = Core;
			sourceTree = "<group>";
		};
/* End PBXGroup section */

/* Begin PBXNativeTarget section */
		37DB8DA429CBAB1B006566D0 /* RickAndMorty */ = {
			isa = PBXNativeTarget;
			buildConfigurationList = 37DB8DB929CBAB20006566D0 /* Build configuration list for PBXNativeTarget "RickAndMorty" */;
			buildPhases = (
				37DB8DA129CBAB1B006566D0 /* Sources */,
				37DB8DA229CBAB1B006566D0 /* Frameworks */,
				37DB8DA329CBAB1B006566D0 /* Resources */,
			);
			buildRules = (
			);
			dependencies = (
			);
			name = RickAndMorty;
			productName = RickAndMorty;
			productReference = 37DB8DA529CBAB1B006566D0 /* RickAndMorty.app */;
			productType = "com.apple.product-type.application";
		};
/* End PBXNativeTarget section */

/* Begin PBXProject section */
		37DB8D9D29CBAB1B006566D0 /* Project object */ = {
			isa = PBXProject;
			attributes = {
				BuildIndependentTargetsInParallel = 1;
				LastSwiftUpdateCheck = 1420;
				LastUpgradeCheck = 1420;
				TargetAttributes = {
					37DB8DA429CBAB1B006566D0 = {
						CreatedOnToolsVersion = 14.2;
					};
				};
			};
			buildConfigurationList = 37DB8DA029CBAB1B006566D0 /* Build configuration list for PBXProject "RickAndMorty" */;
			compatibilityVersion = "Xcode 14.0";
			developmentRegion = en;
			hasScannedForEncodings = 0;
			knownRegions = (
				en,
				Base,
			);
			mainGroup = 37DB8D9C29CBAB1B006566D0;
			productRefGroup = 37DB8DA629CBAB1B006566D0 /* Products */;
			projectDirPath = "";
			projectRoot = "";
			targets = (
				37DB8DA429CBAB1B006566D0 /* RickAndMorty */,
			);
		};
/* End PBXProject section */

/* Begin PBXResourcesBuildPhase section */
		37DB8DA329CBAB1B006566D0 /* Resources */ = {
			isa = PBXResourcesBuildPhase;
			buildActionMask = 2147483647;
			files = (
				37DB8DB529CBAB20006566D0 /* LaunchScreen.storyboard in Resources */,
				37DB8DB229CBAB20006566D0 /* Assets.xcassets in Resources */,
			);
			runOnlyForDeploymentPostprocessing = 0;
		};
/* End PBXResourcesBuildPhase section */

/* Begin PBXSourcesBuildPhase section */
		37DB8DA129CBAB1B006566D0 /* Sources */ = {
			isa = PBXSourcesBuildPhase;
			buildActionMask = 2147483647;
			files = (
				374B2DFF29D4623200B2EABD /* RMGetAllCharactersResponse.swift in Sources */,
				37ED2A7729CF10CB0064C213 /* RMOrigin.swift in Sources */,
				374B2E0329D46B0D00B2EABD /* CharacterListView.swift in Sources */,
				37ED2A7929CF12A60064C213 /* RMSingleLocation.swift in Sources */,
				37ED2A7B29CF157D0064C213 /* RMCharacterStatus.swift in Sources */,
				37ED2A7D29CF15E30064C213 /* RMCharacterGender.swift in Sources */,
				37DB8DCD29CBAFDE006566D0 /* RMLocationViewController.swift in Sources */,
				37DB8DC829CBAF61006566D0 /* RMEpisode.swift in Sources */,
				37DB8DAD29CBAB1B006566D0 /* RMTabBarViewController.swift in Sources */,
				37DB8DCF29CBAFEC006566D0 /* RMEpisodeViewController.swift in Sources */,
				37DB8DA929CBAB1B006566D0 /* AppDelegate.swift in Sources */,
				37DB8DAB29CBAB1B006566D0 /* SceneDelegate.swift in Sources */,
				37DB8DD129CBB003006566D0 /* RMSettingsViewController.swift in Sources */,
				374B2E0529D4736900B2EABD /* Extensions.swift in Sources */,
				37DB8DD329CBB7FC006566D0 /* RMService.swift in Sources */,
				37DB8DC429CBAF34006566D0 /* RMLocation.swift in Sources */,
				37DB8DD729CBB8A3006566D0 /* RMEndpoint.swift in Sources */,
				37DB8DC629CBAF47006566D0 /* RMCharacter.swift in Sources */,
				37DB8DD529CBB80E006566D0 /* RMRequest.swift in Sources */,
				374B2E0129D46A3B00B2EABD /* CharacterListViewViewModel.swift in Sources */,
				37DB8DCB29CBAFC9006566D0 /* RMCharacterViewController.swift in Sources */,
			);
			runOnlyForDeploymentPostprocessing = 0;
		};
/* End PBXSourcesBuildPhase section */

/* Begin PBXVariantGroup section */
		37DB8DB329CBAB20006566D0 /* LaunchScreen.storyboard */ = {
			isa = PBXVariantGroup;
			children = (
				37DB8DB429CBAB20006566D0 /* Base */,
			);
			name = LaunchScreen.storyboard;
			sourceTree = "<group>";
		};
/* End PBXVariantGroup section */

/* Begin XCBuildConfiguration section */
		37DB8DB729CBAB20006566D0 /* Debug */ = {
			isa = XCBuildConfiguration;
			buildSettings = {
				ALWAYS_SEARCH_USER_PATHS = NO;
				CLANG_ANALYZER_NONNULL = YES;
				CLANG_ANALYZER_NUMBER_OBJECT_CONVERSION = YES_AGGRESSIVE;
				CLANG_CXX_LANGUAGE_STANDARD = "gnu++20";
				CLANG_ENABLE_MODULES = YES;
				CLANG_ENABLE_OBJC_ARC = YES;
				CLANG_ENABLE_OBJC_WEAK = YES;
				CLANG_WARN_BLOCK_CAPTURE_AUTORELEASING = YES;
				CLANG_WARN_BOOL_CONVERSION = YES;
				CLANG_WARN_COMMA = YES;
				CLANG_WARN_CONSTANT_CONVERSION = YES;
				CLANG_WARN_DEPRECATED_OBJC_IMPLEMENTATIONS = YES;
				CLANG_WARN_DIRECT_OBJC_ISA_USAGE = YES_ERROR;
				CLANG_WARN_DOCUMENTATION_COMMENTS = YES;
				CLANG_WARN_EMPTY_BODY = YES;
				CLANG_WARN_ENUM_CONVERSION = YES;
				CLANG_WARN_INFINITE_RECURSION = YES;
				CLANG_WARN_INT_CONVERSION = YES;
				CLANG_WARN_NON_LITERAL_NULL_CONVERSION = YES;
				CLANG_WARN_OBJC_IMPLICIT_RETAIN_SELF = YES;
				CLANG_WARN_OBJC_LITERAL_CONVERSION = YES;
				CLANG_WARN_OBJC_ROOT_CLASS = YES_ERROR;
				CLANG_WARN_QUOTED_INCLUDE_IN_FRAMEWORK_HEADER = YES;
				CLANG_WARN_RANGE_LOOP_ANALYSIS = YES;
				CLANG_WARN_STRICT_PROTOTYPES = YES;
				CLANG_WARN_SUSPICIOUS_MOVE = YES;
				CLANG_WARN_UNGUARDED_AVAILABILITY = YES_AGGRESSIVE;
				CLANG_WARN_UNREACHABLE_CODE = YES;
				CLANG_WARN__DUPLICATE_METHOD_MATCH = YES;
				COPY_PHASE_STRIP = NO;
				DEBUG_INFORMATION_FORMAT = dwarf;
				ENABLE_STRICT_OBJC_MSGSEND = YES;
				ENABLE_TESTABILITY = YES;
				GCC_C_LANGUAGE_STANDARD = gnu11;
				GCC_DYNAMIC_NO_PIC = NO;
				GCC_NO_COMMON_BLOCKS = YES;
				GCC_OPTIMIZATION_LEVEL = 0;
				GCC_PREPROCESSOR_DEFINITIONS = (
					"DEBUG=1",
					"$(inherited)",
				);
				GCC_WARN_64_TO_32_BIT_CONVERSION = YES;
				GCC_WARN_ABOUT_RETURN_TYPE = YES_ERROR;
				GCC_WARN_UNDECLARED_SELECTOR = YES;
				GCC_WARN_UNINITIALIZED_AUTOS = YES_AGGRESSIVE;
				GCC_WARN_UNUSED_FUNCTION = YES;
				GCC_WARN_UNUSED_VARIABLE = YES;
				IPHONEOS_DEPLOYMENT_TARGET = 15.0;
				MTL_ENABLE_DEBUG_INFO = INCLUDE_SOURCE;
				MTL_FAST_MATH = YES;
				ONLY_ACTIVE_ARCH = YES;
				SDKROOT = iphoneos;
				SWIFT_ACTIVE_COMPILATION_CONDITIONS = DEBUG;
				SWIFT_OPTIMIZATION_LEVEL = "-Onone";
			};
			name = Debug;
		};
		37DB8DB829CBAB20006566D0 /* Release */ = {
			isa = XCBuildConfiguration;
			buildSettings = {
				ALWAYS_SEARCH_USER_PATHS = NO;
				CLANG_ANALYZER_NONNULL = YES;
				CLANG_ANALYZER_NUMBER_OBJECT_CONVERSION = YES_AGGRESSIVE;
				CLANG_CXX_LANGUAGE_STANDARD = "gnu++20";
				CLANG_ENABLE_MODULES = YES;
				CLANG_ENABLE_OBJC_ARC = YES;
				CLANG_ENABLE_OBJC_WEAK = YES;
				CLANG_WARN_BLOCK_CAPTURE_AUTORELEASING = YES;
				CLANG_WARN_BOOL_CONVERSION = YES;
				CLANG_WARN_COMMA = YES;
				CLANG_WARN_CONSTANT_CONVERSION = YES;
				CLANG_WARN_DEPRECATED_OBJC_IMPLEMENTATIONS = YES;
				CLANG_WARN_DIRECT_OBJC_ISA_USAGE = YES_ERROR;
				CLANG_WARN_DOCUMENTATION_COMMENTS = YES;
				CLANG_WARN_EMPTY_BODY = YES;
				CLANG_WARN_ENUM_CONVERSION = YES;
				CLANG_WARN_INFINITE_RECURSION = YES;
				CLANG_WARN_INT_CONVERSION = YES;
				CLANG_WARN_NON_LITERAL_NULL_CONVERSION = YES;
				CLANG_WARN_OBJC_IMPLICIT_RETAIN_SELF = YES;
				CLANG_WARN_OBJC_LITERAL_CONVERSION = YES;
				CLANG_WARN_OBJC_ROOT_CLASS = YES_ERROR;
				CLANG_WARN_QUOTED_INCLUDE_IN_FRAMEWORK_HEADER = YES;
				CLANG_WARN_RANGE_LOOP_ANALYSIS = YES;
				CLANG_WARN_STRICT_PROTOTYPES = YES;
				CLANG_WARN_SUSPICIOUS_MOVE = YES;
				CLANG_WARN_UNGUARDED_AVAILABILITY = YES_AGGRESSIVE;
				CLANG_WARN_UNREACHABLE_CODE = YES;
				CLANG_WARN__DUPLICATE_METHOD_MATCH = YES;
				COPY_PHASE_STRIP = NO;
				DEBUG_INFORMATION_FORMAT = "dwarf-with-dsym";
				ENABLE_NS_ASSERTIONS = NO;
				ENABLE_STRICT_OBJC_MSGSEND = YES;
				GCC_C_LANGUAGE_STANDARD = gnu11;
				GCC_NO_COMMON_BLOCKS = YES;
				GCC_WARN_64_TO_32_BIT_CONVERSION = YES;
				GCC_WARN_ABOUT_RETURN_TYPE = YES_ERROR;
				GCC_WARN_UNDECLARED_SELECTOR = YES;
				GCC_WARN_UNINITIALIZED_AUTOS = YES_AGGRESSIVE;
				GCC_WARN_UNUSED_FUNCTION = YES;
				GCC_WARN_UNUSED_VARIABLE = YES;
				IPHONEOS_DEPLOYMENT_TARGET = 15.0;
				MTL_ENABLE_DEBUG_INFO = NO;
				MTL_FAST_MATH = YES;
				SDKROOT = iphoneos;
				SWIFT_COMPILATION_MODE = wholemodule;
				SWIFT_OPTIMIZATION_LEVEL = "-O";
				VALIDATE_PRODUCT = YES;
			};
			name = Release;
		};
		37DB8DBA29CBAB20006566D0 /* Debug */ = {
			isa = XCBuildConfiguration;
			buildSettings = {
				ASSETCATALOG_COMPILER_APPICON_NAME = AppIcon;
				ASSETCATALOG_COMPILER_GLOBAL_ACCENT_COLOR_NAME = AccentColor;
				CODE_SIGN_STYLE = Automatic;
				CURRENT_PROJECT_VERSION = 1;
				DEVELOPMENT_TEAM = 2JBA92AKK9;
				GENERATE_INFOPLIST_FILE = YES;
				INFOPLIST_FILE = RickAndMorty/Info.plist;
				INFOPLIST_KEY_UIApplicationSupportsIndirectInputEvents = YES;
				INFOPLIST_KEY_UILaunchStoryboardName = LaunchScreen;
				INFOPLIST_KEY_UISupportedInterfaceOrientations_iPad = "UIInterfaceOrientationPortrait UIInterfaceOrientationPortraitUpsideDown UIInterfaceOrientationLandscapeLeft UIInterfaceOrientationLandscapeRight";
				INFOPLIST_KEY_UISupportedInterfaceOrientations_iPhone = "UIInterfaceOrientationPortrait UIInterfaceOrientationLandscapeLeft UIInterfaceOrientationLandscapeRight";
				LD_RUNPATH_SEARCH_PATHS = (
					"$(inherited)",
					"@executable_path/Frameworks",
				);
				MARKETING_VERSION = 1.0;
				PRODUCT_BUNDLE_IDENTIFIER = com.qewhouse.RickAndMorty;
				PRODUCT_NAME = "$(TARGET_NAME)";
				SWIFT_EMIT_LOC_STRINGS = YES;
				SWIFT_VERSION = 5.0;
				TARGETED_DEVICE_FAMILY = "1,2";
			};
			name = Debug;
		};
		37DB8DBB29CBAB20006566D0 /* Release */ = {
			isa = XCBuildConfiguration;
			buildSettings = {
				ASSETCATALOG_COMPILER_APPICON_NAME = AppIcon;
				ASSETCATALOG_COMPILER_GLOBAL_ACCENT_COLOR_NAME = AccentColor;
				CODE_SIGN_STYLE = Automatic;
				CURRENT_PROJECT_VERSION = 1;
				DEVELOPMENT_TEAM = 2JBA92AKK9;
				GENERATE_INFOPLIST_FILE = YES;
				INFOPLIST_FILE = RickAndMorty/Info.plist;
				INFOPLIST_KEY_UIApplicationSupportsIndirectInputEvents = YES;
				INFOPLIST_KEY_UILaunchStoryboardName = LaunchScreen;
				INFOPLIST_KEY_UISupportedInterfaceOrientations_iPad = "UIInterfaceOrientationPortrait UIInterfaceOrientationPortraitUpsideDown UIInterfaceOrientationLandscapeLeft UIInterfaceOrientationLandscapeRight";
				INFOPLIST_KEY_UISupportedInterfaceOrientations_iPhone = "UIInterfaceOrientationPortrait UIInterfaceOrientationLandscapeLeft UIInterfaceOrientationLandscapeRight";
				LD_RUNPATH_SEARCH_PATHS = (
					"$(inherited)",
					"@executable_path/Frameworks",
				);
				MARKETING_VERSION = 1.0;
				PRODUCT_BUNDLE_IDENTIFIER = com.qewhouse.RickAndMorty;
				PRODUCT_NAME = "$(TARGET_NAME)";
				SWIFT_EMIT_LOC_STRINGS = YES;
				SWIFT_VERSION = 5.0;
				TARGETED_DEVICE_FAMILY = "1,2";
			};
			name = Release;
		};
/* End XCBuildConfiguration section */

/* Begin XCConfigurationList section */
		37DB8DA029CBAB1B006566D0 /* Build configuration list for PBXProject "RickAndMorty" */ = {
			isa = XCConfigurationList;
			buildConfigurations = (
				37DB8DB729CBAB20006566D0 /* Debug */,
				37DB8DB829CBAB20006566D0 /* Release */,
			);
			defaultConfigurationIsVisible = 0;
			defaultConfigurationName = Release;
		};
		37DB8DB929CBAB20006566D0 /* Build configuration list for PBXNativeTarget "RickAndMorty" */ = {
			isa = XCConfigurationList;
			buildConfigurations = (
				37DB8DBA29CBAB20006566D0 /* Debug */,
				37DB8DBB29CBAB20006566D0 /* Release */,
			);
			defaultConfigurationIsVisible = 0;
			defaultConfigurationName = Release;
		};
/* End XCConfigurationList section */
	};
	rootObject = 37DB8D9D29CBAB1B006566D0 /* Project object */;
}
